PODS:
  - DateTimePicker (2.5.3)

DEPENDENCIES:
  - "DateTimePicker (from `git@github.com:huynguyenfts/DateTimePicker.git`)"

EXTERNAL SOURCES:
  DateTimePicker:
    :git: "git@github.com:huynguyenfts/DateTimePicker.git"

CHECKOUT OPTIONS:
  DateTimePicker:
    :commit: 317b9e8f5830aadb50e0265061ec7947141a7bd0
    :git: "git@github.com:huynguyenfts/DateTimePicker.git"

SPEC CHECKSUMS:
  DateTimePicker: 52701ddf656a50856d3510955933f767cd2c947c

PODFILE CHECKSUM: 435e3cf34403feb16147dce6217acf6a69096bbb

COCOAPODS: 1.11.3
